
Microsoft Visual Studio Solution File, Format Version 12.00
# Visual Studio Version 17
VisualStudioVersion = 17.14.36518.9
MinimumVisualStudioVersion = 10.0.40219.1
Project("{00D1A9C2-B5F0-4AF3-8072-F6C62B433612}") = "RapAddict.Database", "RapAddict.Database\RapAddict.Database.sqlproj", "{E70DC838-D706-45AA-8D20-CEA7A7D57678}"
EndProject
Project("{2150E333-8FDC-42A3-9474-1A3956D46DE8}") = "01-Database", "01-Database", "{02EA681E-C7D8-13C7-8484-4AC65E1B71E8}"
EndProject
Project("{2150E333-8FDC-42A3-9474-1A3956D46DE8}") = "03-API", "03-API", "{E0C58CE5-7080-40E3-9169-D5B5CFFC3961}"
EndProject
Project("{FAE04EC0-301F-11D3-BF4B-00C04F79EFBC}") = "RapAddict.API", "RapAddict.API\RapAddict.API.csproj", "{BCFF4B4A-8ED5-4837-AA74-27C3F34B2174}"
EndProject
Project("{2150E333-8FDC-42A3-9474-1A3956D46DE8}") = "02-Domain", "02-Domain", "{DB263791-AE74-421D-B3B3-10AA200E6E3C}"
EndProject
Project("{FAE04EC0-301F-11D3-BF4B-00C04F79EFBC}") = "RapAddict.Domain", "RapAddict.Domain\RapAddict.Domain.csproj", "{572AF9E4-C0B8-4FC5-9812-6699EB453E6B}"
EndProject
Project("{2150E333-8FDC-42A3-9474-1A3956D46DE8}") = "99-Tools", "99-Tools", "{A5CFDBEA-05E2-4456-B408-AF06F43EE18F}"
EndProject
Project("{FAE04EC0-301F-11D3-BF4B-00C04F79EFBC}") = "Tools.Database", "Tools.Database\Tools.Database.csproj", "{0CC9F674-4CE7-1E88-CB2C-3859ABE03059}"
EndProject
Project("{FAE04EC0-301F-11D3-BF4B-00C04F79EFBC}") = "Tools.Cqs", "Tools.Cqs\Tools.Cqs.csproj", "{3E40318E-85BD-52DA-9CB2-6C890D1143CC}"
EndProject
Global
	GlobalSection(SolutionConfigurationPlatforms) = preSolution
		Debug|Any CPU = Debug|Any CPU
		Release|Any CPU = Release|Any CPU
	EndGlobalSection
	GlobalSection(ProjectConfigurationPlatforms) = postSolution
		{E70DC838-D706-45AA-8D20-CEA7A7D57678}.Debug|Any CPU.ActiveCfg = Debug|Any CPU
		{E70DC838-D706-45AA-8D20-CEA7A7D57678}.Debug|Any CPU.Build.0 = Debug|Any CPU
		{E70DC838-D706-45AA-8D20-CEA7A7D57678}.Debug|Any CPU.Deploy.0 = Debug|Any CPU
		{E70DC838-D706-45AA-8D20-CEA7A7D57678}.Release|Any CPU.ActiveCfg = Release|Any CPU
		{E70DC838-D706-45AA-8D20-CEA7A7D57678}.Release|Any CPU.Build.0 = Release|Any CPU
		{E70DC838-D706-45AA-8D20-CEA7A7D57678}.Release|Any CPU.Deploy.0 = Release|Any CPU
		{BCFF4B4A-8ED5-4837-AA74-27C3F34B2174}.Debug|Any CPU.ActiveCfg = Debug|Any CPU
		{BCFF4B4A-8ED5-4837-AA74-27C3F34B2174}.Debug|Any CPU.Build.0 = Debug|Any CPU
		{BCFF4B4A-8ED5-4837-AA74-27C3F34B2174}.Release|Any CPU.ActiveCfg = Release|Any CPU
		{BCFF4B4A-8ED5-4837-AA74-27C3F34B2174}.Release|Any CPU.Build.0 = Release|Any CPU
		{572AF9E4-C0B8-4FC5-9812-6699EB453E6B}.Debug|Any CPU.ActiveCfg = Debug|Any CPU
		{572AF9E4-C0B8-4FC5-9812-6699EB453E6B}.Debug|Any CPU.Build.0 = Debug|Any CPU
		{572AF9E4-C0B8-4FC5-9812-6699EB453E6B}.Release|Any CPU.ActiveCfg = Release|Any CPU
		{572AF9E4-C0B8-4FC5-9812-6699EB453E6B}.Release|Any CPU.Build.0 = Release|Any CPU
		{0CC9F674-4CE7-1E88-CB2C-3859ABE03059}.Debug|Any CPU.ActiveCfg = Debug|Any CPU
		{0CC9F674-4CE7-1E88-CB2C-3859ABE03059}.Debug|Any CPU.Build.0 = Debug|Any CPU
		{0CC9F674-4CE7-1E88-CB2C-3859ABE03059}.Release|Any CPU.ActiveCfg = Release|Any CPU
		{0CC9F674-4CE7-1E88-CB2C-3859ABE03059}.Release|Any CPU.Build.0 = Release|Any CPU
		{3E40318E-85BD-52DA-9CB2-6C890D1143CC}.Debug|Any CPU.ActiveCfg = Debug|Any CPU
		{3E40318E-85BD-52DA-9CB2-6C890D1143CC}.Debug|Any CPU.Build.0 = Debug|Any CPU
		{3E40318E-85BD-52DA-9CB2-6C890D1143CC}.Release|Any CPU.ActiveCfg = Release|Any CPU
		{3E40318E-85BD-52DA-9CB2-6C890D1143CC}.Release|Any CPU.Build.0 = Release|Any CPU
	EndGlobalSection
	GlobalSection(SolutionProperties) = preSolution
		HideSolutionNode = FALSE
	EndGlobalSection
	GlobalSection(NestedProjects) = preSolution
		{E70DC838-D706-45AA-8D20-CEA7A7D57678} = {02EA681E-C7D8-13C7-8484-4AC65E1B71E8}
		{BCFF4B4A-8ED5-4837-AA74-27C3F34B2174} = {E0C58CE5-7080-40E3-9169-D5B5CFFC3961}
		{572AF9E4-C0B8-4FC5-9812-6699EB453E6B} = {DB263791-AE74-421D-B3B3-10AA200E6E3C}
		{0CC9F674-4CE7-1E88-CB2C-3859ABE03059} = {A5CFDBEA-05E2-4456-B408-AF06F43EE18F}
		{3E40318E-85BD-52DA-9CB2-6C890D1143CC} = {A5CFDBEA-05E2-4456-B408-AF06F43EE18F}
	EndGlobalSection
	GlobalSection(ExtensibilityGlobals) = postSolution
		SolutionGuid = {A49A462C-8200-48D7-8D49-939BDF5CBBD6}
	EndGlobalSection
EndGlobal
